// !$*UTF8*$!
{
	archiveVersion = 1;
	classes = {
	};
	objectVersion = 56;
	objects = {

/* Begin PBXBuildFile section */
		2E3A74392BAA126A0026BE07 /* TimerRound.swift in Sources */ = {isa = PBXBuildFile; fileRef = 2E3A74382BAA126A0026BE07 /* TimerRound.swift */; };
		2E3A743B2BAB52D40026BE07 /* BackButton.swift in Sources */ = {isa = PBXBuildFile; fileRef = 2E3A743A2BAB52D40026BE07 /* BackButton.swift */; };
		2E3A743E2BAB58F30026BE07 /* ConfigButton.swift in Sources */ = {isa = PBXBuildFile; fileRef = 2E3A743D2BAB58F30026BE07 /* ConfigButton.swift */; };
		2E3A74402BAB5DDF0026BE07 /* StartButton.swift in Sources */ = {isa = PBXBuildFile; fileRef = 2E3A743F2BAB5DDF0026BE07 /* StartButton.swift */; };
		2E3A74422BAB5FDB0026BE07 /* InviteButton.swift in Sources */ = {isa = PBXBuildFile; fileRef = 2E3A74412BAB5FDB0026BE07 /* InviteButton.swift */; };
		2E3A74452BAB60CD0026BE07 /* LobbyTitle.swift in Sources */ = {isa = PBXBuildFile; fileRef = 2E3A74442BAB60CD0026BE07 /* LobbyTitle.swift */; };
		2E3A74472BAB62410026BE07 /* FirstPlaceLabel.swift in Sources */ = {isa = PBXBuildFile; fileRef = 2E3A74462BAB62410026BE07 /* FirstPlaceLabel.swift */; };
		2E3A74492BAB62AD0026BE07 /* SecondPlaceLabel.swift in Sources */ = {isa = PBXBuildFile; fileRef = 2E3A74482BAB62AD0026BE07 /* SecondPlaceLabel.swift */; };
		2E3A744B2BAB62C20026BE07 /* ThirdPlaceLabel.swift in Sources */ = {isa = PBXBuildFile; fileRef = 2E3A744A2BAB62C20026BE07 /* ThirdPlaceLabel.swift */; };
		2E3A744D2BAB63E20026BE07 /* MenuButtonLabel.swift in Sources */ = {isa = PBXBuildFile; fileRef = 2E3A744C2BAB63E20026BE07 /* MenuButtonLabel.swift */; };
		2E3A744F2BAB733D0026BE07 /* InfoButton.swift in Sources */ = {isa = PBXBuildFile; fileRef = 2E3A744E2BAB733D0026BE07 /* InfoButton.swift */; };
		2E3A74512BAB73A10026BE07 /* ProfileButton.swift in Sources */ = {isa = PBXBuildFile; fileRef = 2E3A74502BAB73A10026BE07 /* ProfileButton.swift */; };
		2E3A74532BAB7ED90026BE07 /* SingleButton.swift in Sources */ = {isa = PBXBuildFile; fileRef = 2E3A74522BAB7ED90026BE07 /* SingleButton.swift */; };
		2E3A74552BAB7F5E0026BE07 /* MultiplayerButton.swift in Sources */ = {isa = PBXBuildFile; fileRef = 2E3A74542BAB7F5E0026BE07 /* MultiplayerButton.swift */; };
		2E3A745E2BB1AF250026BE07 /* PopUpConfig.swift in Sources */ = {isa = PBXBuildFile; fileRef = 2E3A745D2BB1AF250026BE07 /* PopUpConfig.swift */; };
		2E3A74612BB348790026BE07 /* SoundOffButton.swift in Sources */ = {isa = PBXBuildFile; fileRef = 2E3A74602BB348790026BE07 /* SoundOffButton.swift */; };
		2E3A74632BB348870026BE07 /* SoundEffectsOff.swift in Sources */ = {isa = PBXBuildFile; fileRef = 2E3A74622BB348870026BE07 /* SoundEffectsOff.swift */; };
		2E3A74652BB348D90026BE07 /* HapticsOff.swift in Sources */ = {isa = PBXBuildFile; fileRef = 2E3A74642BB348D90026BE07 /* HapticsOff.swift */; };
		2E3A74672BB34ACE0026BE07 /* ProfileButtonPopUp.swift in Sources */ = {isa = PBXBuildFile; fileRef = 2E3A74662BB34ACE0026BE07 /* ProfileButtonPopUp.swift */; };
		2E3A74692BB34AE30026BE07 /* CreditsButtonPopUp.swift in Sources */ = {isa = PBXBuildFile; fileRef = 2E3A74682BB34AE30026BE07 /* CreditsButtonPopUp.swift */; };
		2E81140A2BA4E263009CCC77 /* ConfigView.swift in Sources */ = {isa = PBXBuildFile; fileRef = 2E8114092BA4E263009CCC77 /* ConfigView.swift */; };
		2E81140D2BA4E3C2009CCC77 /* CoordinatorView.swift in Sources */ = {isa = PBXBuildFile; fileRef = 2E81140C2BA4E3C2009CCC77 /* CoordinatorView.swift */; };
		2E8114112BA4EA16009CCC77 /* GameplayView.swift in Sources */ = {isa = PBXBuildFile; fileRef = 2E8114102BA4EA16009CCC77 /* GameplayView.swift */; };
		2EC1BA742BA8737100E1E410 /* ProfileView.swift in Sources */ = {isa = PBXBuildFile; fileRef = 2EC1BA732BA8737100E1E410 /* ProfileView.swift */; };
		2EC1BA772BA8B5F600E1E410 /* GameplayViewModel.swift in Sources */ = {isa = PBXBuildFile; fileRef = 2EC1BA762BA8B5F600E1E410 /* GameplayViewModel.swift */; };
		C0393D5C2BACC9FA00E97810 /* AudioManager.swift in Sources */ = {isa = PBXBuildFile; fileRef = C0393D5B2BACC9FA00E97810 /* AudioManager.swift */; };
		C0393D5E2BACEDBC00E97810 /* CrosshairImage.swift in Sources */ = {isa = PBXBuildFile; fileRef = C0393D5D2BACEDBC00E97810 /* CrosshairImage.swift */; };
		C0393D602BACF05900E97810 /* LogoImage.swift in Sources */ = {isa = PBXBuildFile; fileRef = C0393D5F2BACF05900E97810 /* LogoImage.swift */; };
		C0393D842BAD23FB00E97810 /* PreViewController.swift in Sources */ = {isa = PBXBuildFile; fileRef = C0393D832BAD23FB00E97810 /* PreViewController.swift */; };
		C09106FA2BA8DECB00037EAB /* CameraImageView.swift in Sources */ = {isa = PBXBuildFile; fileRef = C09106F92BA8DECB00037EAB /* CameraImageView.swift */; };
		C09106FC2BA8F96A00037EAB /* PontosLabel.swift in Sources */ = {isa = PBXBuildFile; fileRef = C09106FB2BA8F96A00037EAB /* PontosLabel.swift */; };
		C09106FE2BA8FD7800037EAB /* RoundLabel.swift in Sources */ = {isa = PBXBuildFile; fileRef = C09106FD2BA8FD7800037EAB /* RoundLabel.swift */; };
		C09107002BA8FF0800037EAB /* SpecialObjectLabel.swift in Sources */ = {isa = PBXBuildFile; fileRef = C09106FF2BA8FF0800037EAB /* SpecialObjectLabel.swift */; };
		C09107022BA9058200037EAB /* ColorClassifier.mlmodel in Sources */ = {isa = PBXBuildFile; fileRef = C09107012BA9058200037EAB /* ColorClassifier.mlmodel */; };
		C09107042BA90D3400037EAB /* ProfileImage.swift in Sources */ = {isa = PBXBuildFile; fileRef = C09107032BA90D3400037EAB /* ProfileImage.swift */; };
		C09107062BAA056300037EAB /* PowersStackView.swift in Sources */ = {isa = PBXBuildFile; fileRef = C09107052BAA056300037EAB /* PowersStackView.swift */; };
		C09107092BAA066900037EAB /* PowersButton.swift in Sources */ = {isa = PBXBuildFile; fileRef = C09107082BAA066900037EAB /* PowersButton.swift */; };
		C091070D2BAA243D00037EAB /* TimerObject.swift in Sources */ = {isa = PBXBuildFile; fileRef = C091070C2BAA243D00037EAB /* TimerObject.swift */; };
		C09107112BAB563A00037EAB /* SpecialObjectImage.swift in Sources */ = {isa = PBXBuildFile; fileRef = C09107102BAB563A00037EAB /* SpecialObjectImage.swift */; };
		C09107132BAB730700037EAB /* StringExtension.swift in Sources */ = {isa = PBXBuildFile; fileRef = C09107122BAB730700037EAB /* StringExtension.swift */; };
		C0A8B2932BA8A1970048AC08 /* NewHomeObjects.mlmodel in Sources */ = {isa = PBXBuildFile; fileRef = C0A8B2912BA8A1970048AC08 /* NewHomeObjects.mlmodel */; };
		C0A8B2992BA8B6A80048AC08 /* ObjectName.swift in Sources */ = {isa = PBXBuildFile; fileRef = C0A8B2982BA8B6A80048AC08 /* ObjectName.swift */; };
		C0A8B29B2BA8BA450048AC08 /* ItemsToFindModel.swift in Sources */ = {isa = PBXBuildFile; fileRef = C0A8B29A2BA8BA450048AC08 /* ItemsToFindModel.swift */; };
		C0A8B29E2BA8C1320048AC08 /* ConstraintsVC.swift in Sources */ = {isa = PBXBuildFile; fileRef = C0A8B29D2BA8C1320048AC08 /* ConstraintsVC.swift */; };
		C0A8B2A02BA8C7690048AC08 /* ChangeButton.swift in Sources */ = {isa = PBXBuildFile; fileRef = C0A8B29F2BA8C7690048AC08 /* ChangeButton.swift */; };
		C0A8B2A22BA8CD5B0048AC08 /* PhotoButton.swift in Sources */ = {isa = PBXBuildFile; fileRef = C0A8B2A12BA8CD5B0048AC08 /* PhotoButton.swift */; };
		C0A8B2A42BA8CE190048AC08 /* Delegates.swift in Sources */ = {isa = PBXBuildFile; fileRef = C0A8B2A32BA8CE190048AC08 /* Delegates.swift */; };
		C0CBCB362BAE138C0020E594 /* SingleViewController.swift in Sources */ = {isa = PBXBuildFile; fileRef = C0CBCB352BAE138C0020E594 /* SingleViewController.swift */; };
		C0CBCB382BAE142B0020E594 /* SingleViewModel.swift in Sources */ = {isa = PBXBuildFile; fileRef = C0CBCB372BAE142B0020E594 /* SingleViewModel.swift */; };
		C0CBCB3A2BAE14520020E594 /* ConstraintsSP.swift in Sources */ = {isa = PBXBuildFile; fileRef = C0CBCB392BAE14520020E594 /* ConstraintsSP.swift */; };
		C0CBCB3C2BAE14870020E594 /* DelegatesSP.swift in Sources */ = {isa = PBXBuildFile; fileRef = C0CBCB3B2BAE14870020E594 /* DelegatesSP.swift */; };
		C0CBCB3E2BAE2A0E0020E594 /* SingleplayerView.swift in Sources */ = {isa = PBXBuildFile; fileRef = C0CBCB3D2BAE2A0E0020E594 /* SingleplayerView.swift */; };
		C0CBCB402BAE2A9B0020E594 /* PreSingleViewController.swift in Sources */ = {isa = PBXBuildFile; fileRef = C0CBCB3F2BAE2A9B0020E594 /* PreSingleViewController.swift */; };
		C0CBCB432BB209010020E594 /* RecordViewController.swift in Sources */ = {isa = PBXBuildFile; fileRef = C0CBCB422BB209010020E594 /* RecordViewController.swift */; };
		C0CBCB452BB2094B0020E594 /* RecordViewModel.swift in Sources */ = {isa = PBXBuildFile; fileRef = C0CBCB442BB2094B0020E594 /* RecordViewModel.swift */; };
		C0CBCB482BB20A610020E594 /* HighscoreLabel.swift in Sources */ = {isa = PBXBuildFile; fileRef = C0CBCB472BB20A610020E594 /* HighscoreLabel.swift */; };
		C0CBCB4A2BB20BDE0020E594 /* SingleResultLabel.swift in Sources */ = {isa = PBXBuildFile; fileRef = C0CBCB492BB20BDE0020E594 /* SingleResultLabel.swift */; };
		C0CBCB4C2BB20E070020E594 /* ConstraintsRC.swift in Sources */ = {isa = PBXBuildFile; fileRef = C0CBCB4B2BB20E070020E594 /* ConstraintsRC.swift */; };
		C0CBCB4E2BB20F4C0020E594 /* ResultMenuButton.swift in Sources */ = {isa = PBXBuildFile; fileRef = C0CBCB4D2BB20F4C0020E594 /* ResultMenuButton.swift */; };
		C0CBCB512BB2193E0020E594 /* TimerSingleRound.swift in Sources */ = {isa = PBXBuildFile; fileRef = C0CBCB502BB2193E0020E594 /* TimerSingleRound.swift */; };
		D91D65102BAA1074003D7DBA /* SharePlayAllModels.swift in Sources */ = {isa = PBXBuildFile; fileRef = D91D650F2BAA1074003D7DBA /* SharePlayAllModels.swift */; };
		D91D65132BAB2871003D7DBA /* MultiplayerManagerViewModel.swift in Sources */ = {isa = PBXBuildFile; fileRef = D91D65122BAB2871003D7DBA /* MultiplayerManagerViewModel.swift */; };
		D92885B42B9668D100C73B6E /* Mini04_ProjectApp.swift in Sources */ = {isa = PBXBuildFile; fileRef = D92885B32B9668D100C73B6E /* Mini04_ProjectApp.swift */; };
		D92885B62B9668D100C73B6E /* MenuView.swift in Sources */ = {isa = PBXBuildFile; fileRef = D92885B52B9668D100C73B6E /* MenuView.swift */; };
		D92885B82B9668D200C73B6E /* Assets.xcassets in Resources */ = {isa = PBXBuildFile; fileRef = D92885B72B9668D200C73B6E /* Assets.xcassets */; };
		D92885BC2B9668D200C73B6E /* Preview Assets.xcassets in Resources */ = {isa = PBXBuildFile; fileRef = D92885BB2B9668D200C73B6E /* Preview Assets.xcassets */; };
		D92D6BA52BAD2C03006B7E87 /* MatchConfigView.swift in Sources */ = {isa = PBXBuildFile; fileRef = D92D6BA42BAD2C03006B7E87 /* MatchConfigView.swift */; };
		D92D6BA82BAD30D0006B7E87 /* ToggleConfigComponent.swift in Sources */ = {isa = PBXBuildFile; fileRef = D92D6BA62BAD2CE5006B7E87 /* ToggleConfigComponent.swift */; };
		D95398532BACCDA90022F444 /* MultiplayerHubView.swift in Sources */ = {isa = PBXBuildFile; fileRef = D95398522BACCDA90022F444 /* MultiplayerHubView.swift */; };
		D9AAE1902BAD24A5009C1A90 /* SharePlayViewModel.swift in Sources */ = {isa = PBXBuildFile; fileRef = D9CD14262BA8FB11003CB0B6 /* SharePlayViewModel.swift */; };
		D9CD141F2BA8FA49003CB0B6 /* WhereWhereActivity.swift in Sources */ = {isa = PBXBuildFile; fileRef = D9CD141E2BA8FA49003CB0B6 /* WhereWhereActivity.swift */; };
		D9CD14212BA8FABB003CB0B6 /* ShareInviteSheet.swift in Sources */ = {isa = PBXBuildFile; fileRef = D9CD14202BA8FABB003CB0B6 /* ShareInviteSheet.swift */; };
		D9CD142A2BA9D84A003CB0B6 /* CreditsView.swift in Sources */ = {isa = PBXBuildFile; fileRef = D9CD14292BA9D84A003CB0B6 /* CreditsView.swift */; };
		D9D181742BB3895700283E2E /* UILableRepresentable.swift in Sources */ = {isa = PBXBuildFile; fileRef = E00C5CD42BB351420020126E /* UILableRepresentable.swift */; };
		E009867F2BAB626500E586C6 /* PartialResultCell.swift in Sources */ = {isa = PBXBuildFile; fileRef = E009867E2BAB626500E586C6 /* PartialResultCell.swift */; };
		E00986822BAB681200E586C6 /* CollectionDelegate.swift in Sources */ = {isa = PBXBuildFile; fileRef = E00986812BAB681200E586C6 /* CollectionDelegate.swift */; };
		E00C5CD32BB349140020126E /* PlayerListCell.swift in Sources */ = {isa = PBXBuildFile; fileRef = E00C5CD22BB349140020126E /* PlayerListCell.swift */; };
		E08782A02BA4D41500FB5ABC /* UIImageExtension.swift in Sources */ = {isa = PBXBuildFile; fileRef = E087829F2BA4D41400FB5ABC /* UIImageExtension.swift */; };
		E08782A22BA4D42000FB5ABC /* Coordinator.swift in Sources */ = {isa = PBXBuildFile; fileRef = E08782A12BA4D42000FB5ABC /* Coordinator.swift */; };
		E08782A42BA4D42800FB5ABC /* CameraModel.swift in Sources */ = {isa = PBXBuildFile; fileRef = E08782A32BA4D42800FB5ABC /* CameraModel.swift */; };
		E08782A82BA4D44200FB5ABC /* MLModel.swift in Sources */ = {isa = PBXBuildFile; fileRef = E08782A72BA4D44200FB5ABC /* MLModel.swift */; };
		E08782AA2BA4D46900FB5ABC /* PartialResultViewController.swift in Sources */ = {isa = PBXBuildFile; fileRef = E08782A92BA4D46900FB5ABC /* PartialResultViewController.swift */; };
		E08782AC2BA4D47F00FB5ABC /* GameplayViewController.swift in Sources */ = {isa = PBXBuildFile; fileRef = E08782AB2BA4D47F00FB5ABC /* GameplayViewController.swift */; };
		E08782AF2BA4D49E00FB5ABC /* FinalResultView.swift in Sources */ = {isa = PBXBuildFile; fileRef = E08782AE2BA4D49E00FB5ABC /* FinalResultView.swift */; };
		E08782B12BA4D4A600FB5ABC /* LobbyView.swift in Sources */ = {isa = PBXBuildFile; fileRef = E08782B02BA4D4A600FB5ABC /* LobbyView.swift */; };
		E08782B32BA4ED1600FB5ABC /* CameraDelegate.swift in Sources */ = {isa = PBXBuildFile; fileRef = E08782B22BA4ED1600FB5ABC /* CameraDelegate.swift */; };
		E08782B52BA8C31400FB5ABC /* CoreMlErrorsEnum.swift in Sources */ = {isa = PBXBuildFile; fileRef = E08782B42BA8C31400FB5ABC /* CoreMlErrorsEnum.swift */; };
		E08782B82BA8C44000FB5ABC /* PlayerData.swift in Sources */ = {isa = PBXBuildFile; fileRef = E08782B72BA8C44000FB5ABC /* PlayerData.swift */; };
		E08782BA2BAA177600FB5ABC /* ProfileViewViewModel.swift in Sources */ = {isa = PBXBuildFile; fileRef = E08782B92BAA177500FB5ABC /* ProfileViewViewModel.swift */; };
		E08782BC2BAB565900FB5ABC /* ConstraintsPR.swift in Sources */ = {isa = PBXBuildFile; fileRef = E08782BB2BAB565900FB5ABC /* ConstraintsPR.swift */; };
		E0AF6F042BACA948008BE255 /* PartialResultViewModel.swift in Sources */ = {isa = PBXBuildFile; fileRef = E0AF6F032BACA948008BE255 /* PartialResultViewModel.swift */; };
		E0AF6F082BACAB67008BE255 /* EndGameButton.swift in Sources */ = {isa = PBXBuildFile; fileRef = E0AF6F072BACAB67008BE255 /* EndGameButton.swift */; };
		E0AF6F0A2BACAEA9008BE255 /* PartialResultsDelegates.swift in Sources */ = {isa = PBXBuildFile; fileRef = E0AF6F092BACAEA9008BE255 /* PartialResultsDelegates.swift */; };
		E0AF6F0C2BACBC63008BE255 /* PartialResultTitle.swift in Sources */ = {isa = PBXBuildFile; fileRef = E0AF6F0B2BACBC63008BE255 /* PartialResultTitle.swift */; };
		E0AF6F0E2BACC6B1008BE255 /* ReadyButton.swift in Sources */ = {isa = PBXBuildFile; fileRef = E0AF6F0D2BACC6B1008BE255 /* ReadyButton.swift */; };
/* End PBXBuildFile section */

/* Begin PBXFileReference section */
		2E3A74382BAA126A0026BE07 /* TimerRound.swift */ = {isa = PBXFileReference; lastKnownFileType = sourcecode.swift; path = TimerRound.swift; sourceTree = "<group>"; };
		2E3A743A2BAB52D40026BE07 /* BackButton.swift */ = {isa = PBXFileReference; lastKnownFileType = sourcecode.swift; path = BackButton.swift; sourceTree = "<group>"; };
		2E3A743D2BAB58F30026BE07 /* ConfigButton.swift */ = {isa = PBXFileReference; lastKnownFileType = sourcecode.swift; path = ConfigButton.swift; sourceTree = "<group>"; };
		2E3A743F2BAB5DDF0026BE07 /* StartButton.swift */ = {isa = PBXFileReference; lastKnownFileType = sourcecode.swift; path = StartButton.swift; sourceTree = "<group>"; };
		2E3A74412BAB5FDB0026BE07 /* InviteButton.swift */ = {isa = PBXFileReference; lastKnownFileType = sourcecode.swift; path = InviteButton.swift; sourceTree = "<group>"; };
		2E3A74442BAB60CD0026BE07 /* LobbyTitle.swift */ = {isa = PBXFileReference; lastKnownFileType = sourcecode.swift; path = LobbyTitle.swift; sourceTree = "<group>"; };
		2E3A74462BAB62410026BE07 /* FirstPlaceLabel.swift */ = {isa = PBXFileReference; lastKnownFileType = sourcecode.swift; path = FirstPlaceLabel.swift; sourceTree = "<group>"; };
		2E3A74482BAB62AD0026BE07 /* SecondPlaceLabel.swift */ = {isa = PBXFileReference; lastKnownFileType = sourcecode.swift; path = SecondPlaceLabel.swift; sourceTree = "<group>"; };
		2E3A744A2BAB62C20026BE07 /* ThirdPlaceLabel.swift */ = {isa = PBXFileReference; lastKnownFileType = sourcecode.swift; path = ThirdPlaceLabel.swift; sourceTree = "<group>"; };
		2E3A744C2BAB63E20026BE07 /* MenuButtonLabel.swift */ = {isa = PBXFileReference; lastKnownFileType = sourcecode.swift; path = MenuButtonLabel.swift; sourceTree = "<group>"; };
		2E3A744E2BAB733D0026BE07 /* InfoButton.swift */ = {isa = PBXFileReference; lastKnownFileType = sourcecode.swift; path = InfoButton.swift; sourceTree = "<group>"; };
		2E3A74502BAB73A10026BE07 /* ProfileButton.swift */ = {isa = PBXFileReference; lastKnownFileType = sourcecode.swift; path = ProfileButton.swift; sourceTree = "<group>"; };
		2E3A74522BAB7ED90026BE07 /* SingleButton.swift */ = {isa = PBXFileReference; lastKnownFileType = sourcecode.swift; path = SingleButton.swift; sourceTree = "<group>"; };
		2E3A74542BAB7F5E0026BE07 /* MultiplayerButton.swift */ = {isa = PBXFileReference; lastKnownFileType = sourcecode.swift; path = MultiplayerButton.swift; sourceTree = "<group>"; };
		2E3A745D2BB1AF250026BE07 /* PopUpConfig.swift */ = {isa = PBXFileReference; lastKnownFileType = sourcecode.swift; path = PopUpConfig.swift; sourceTree = "<group>"; };
		2E3A74602BB348790026BE07 /* SoundOffButton.swift */ = {isa = PBXFileReference; lastKnownFileType = sourcecode.swift; path = SoundOffButton.swift; sourceTree = "<group>"; };
		2E3A74622BB348870026BE07 /* SoundEffectsOff.swift */ = {isa = PBXFileReference; lastKnownFileType = sourcecode.swift; path = SoundEffectsOff.swift; sourceTree = "<group>"; };
		2E3A74642BB348D90026BE07 /* HapticsOff.swift */ = {isa = PBXFileReference; lastKnownFileType = sourcecode.swift; path = HapticsOff.swift; sourceTree = "<group>"; };
		2E3A74662BB34ACE0026BE07 /* ProfileButtonPopUp.swift */ = {isa = PBXFileReference; lastKnownFileType = sourcecode.swift; path = ProfileButtonPopUp.swift; sourceTree = "<group>"; };
		2E3A74682BB34AE30026BE07 /* CreditsButtonPopUp.swift */ = {isa = PBXFileReference; lastKnownFileType = sourcecode.swift; path = CreditsButtonPopUp.swift; sourceTree = "<group>"; };
		2E8114092BA4E263009CCC77 /* ConfigView.swift */ = {isa = PBXFileReference; lastKnownFileType = sourcecode.swift; path = ConfigView.swift; sourceTree = "<group>"; };
		2E81140C2BA4E3C2009CCC77 /* CoordinatorView.swift */ = {isa = PBXFileReference; lastKnownFileType = sourcecode.swift; path = CoordinatorView.swift; sourceTree = "<group>"; };
		2E8114102BA4EA16009CCC77 /* GameplayView.swift */ = {isa = PBXFileReference; lastKnownFileType = sourcecode.swift; path = GameplayView.swift; sourceTree = "<group>"; };
		2EC1BA732BA8737100E1E410 /* ProfileView.swift */ = {isa = PBXFileReference; lastKnownFileType = sourcecode.swift; path = ProfileView.swift; sourceTree = "<group>"; };
		2EC1BA762BA8B5F600E1E410 /* GameplayViewModel.swift */ = {isa = PBXFileReference; lastKnownFileType = sourcecode.swift; path = GameplayViewModel.swift; sourceTree = "<group>"; };
		C0393D5B2BACC9FA00E97810 /* AudioManager.swift */ = {isa = PBXFileReference; lastKnownFileType = sourcecode.swift; path = AudioManager.swift; sourceTree = "<group>"; };
		C0393D5D2BACEDBC00E97810 /* CrosshairImage.swift */ = {isa = PBXFileReference; lastKnownFileType = sourcecode.swift; path = CrosshairImage.swift; sourceTree = "<group>"; };
		C0393D5F2BACF05900E97810 /* LogoImage.swift */ = {isa = PBXFileReference; lastKnownFileType = sourcecode.swift; path = LogoImage.swift; sourceTree = "<group>"; };
		C0393D832BAD23FB00E97810 /* PreViewController.swift */ = {isa = PBXFileReference; lastKnownFileType = sourcecode.swift; path = PreViewController.swift; sourceTree = "<group>"; };
		C09106F92BA8DECB00037EAB /* CameraImageView.swift */ = {isa = PBXFileReference; lastKnownFileType = sourcecode.swift; path = CameraImageView.swift; sourceTree = "<group>"; };
		C09106FB2BA8F96A00037EAB /* PontosLabel.swift */ = {isa = PBXFileReference; lastKnownFileType = sourcecode.swift; path = PontosLabel.swift; sourceTree = "<group>"; };
		C09106FD2BA8FD7800037EAB /* RoundLabel.swift */ = {isa = PBXFileReference; lastKnownFileType = sourcecode.swift; path = RoundLabel.swift; sourceTree = "<group>"; };
		C09106FF2BA8FF0800037EAB /* SpecialObjectLabel.swift */ = {isa = PBXFileReference; lastKnownFileType = sourcecode.swift; path = SpecialObjectLabel.swift; sourceTree = "<group>"; };
		C09107012BA9058200037EAB /* ColorClassifier.mlmodel */ = {isa = PBXFileReference; lastKnownFileType = file.mlmodel; path = ColorClassifier.mlmodel; sourceTree = "<group>"; };
		C09107032BA90D3400037EAB /* ProfileImage.swift */ = {isa = PBXFileReference; lastKnownFileType = sourcecode.swift; path = ProfileImage.swift; sourceTree = "<group>"; };
		C09107052BAA056300037EAB /* PowersStackView.swift */ = {isa = PBXFileReference; lastKnownFileType = sourcecode.swift; path = PowersStackView.swift; sourceTree = "<group>"; };
		C09107082BAA066900037EAB /* PowersButton.swift */ = {isa = PBXFileReference; lastKnownFileType = sourcecode.swift; path = PowersButton.swift; sourceTree = "<group>"; };
		C091070C2BAA243D00037EAB /* TimerObject.swift */ = {isa = PBXFileReference; lastKnownFileType = sourcecode.swift; path = TimerObject.swift; sourceTree = "<group>"; };
		C09107102BAB563A00037EAB /* SpecialObjectImage.swift */ = {isa = PBXFileReference; lastKnownFileType = sourcecode.swift; path = SpecialObjectImage.swift; sourceTree = "<group>"; };
		C09107122BAB730700037EAB /* StringExtension.swift */ = {isa = PBXFileReference; lastKnownFileType = sourcecode.swift; path = StringExtension.swift; sourceTree = "<group>"; };
		C0A8B2912BA8A1970048AC08 /* NewHomeObjects.mlmodel */ = {isa = PBXFileReference; lastKnownFileType = file.mlmodel; path = NewHomeObjects.mlmodel; sourceTree = "<group>"; };
		C0A8B2982BA8B6A80048AC08 /* ObjectName.swift */ = {isa = PBXFileReference; lastKnownFileType = sourcecode.swift; path = ObjectName.swift; sourceTree = "<group>"; };
		C0A8B29A2BA8BA450048AC08 /* ItemsToFindModel.swift */ = {isa = PBXFileReference; lastKnownFileType = sourcecode.swift; path = ItemsToFindModel.swift; sourceTree = "<group>"; };
		C0A8B29D2BA8C1320048AC08 /* ConstraintsVC.swift */ = {isa = PBXFileReference; lastKnownFileType = sourcecode.swift; path = ConstraintsVC.swift; sourceTree = "<group>"; };
		C0A8B29F2BA8C7690048AC08 /* ChangeButton.swift */ = {isa = PBXFileReference; lastKnownFileType = sourcecode.swift; path = ChangeButton.swift; sourceTree = "<group>"; };
		C0A8B2A12BA8CD5B0048AC08 /* PhotoButton.swift */ = {isa = PBXFileReference; lastKnownFileType = sourcecode.swift; path = PhotoButton.swift; sourceTree = "<group>"; };
		C0A8B2A32BA8CE190048AC08 /* Delegates.swift */ = {isa = PBXFileReference; lastKnownFileType = sourcecode.swift; path = Delegates.swift; sourceTree = "<group>"; };
		C0CBCB352BAE138C0020E594 /* SingleViewController.swift */ = {isa = PBXFileReference; lastKnownFileType = sourcecode.swift; path = SingleViewController.swift; sourceTree = "<group>"; };
		C0CBCB372BAE142B0020E594 /* SingleViewModel.swift */ = {isa = PBXFileReference; lastKnownFileType = sourcecode.swift; path = SingleViewModel.swift; sourceTree = "<group>"; };
		C0CBCB392BAE14520020E594 /* ConstraintsSP.swift */ = {isa = PBXFileReference; lastKnownFileType = sourcecode.swift; path = ConstraintsSP.swift; sourceTree = "<group>"; };
		C0CBCB3B2BAE14870020E594 /* DelegatesSP.swift */ = {isa = PBXFileReference; lastKnownFileType = sourcecode.swift; path = DelegatesSP.swift; sourceTree = "<group>"; };
		C0CBCB3D2BAE2A0E0020E594 /* SingleplayerView.swift */ = {isa = PBXFileReference; lastKnownFileType = sourcecode.swift; path = SingleplayerView.swift; sourceTree = "<group>"; };
		C0CBCB3F2BAE2A9B0020E594 /* PreSingleViewController.swift */ = {isa = PBXFileReference; lastKnownFileType = sourcecode.swift; path = PreSingleViewController.swift; sourceTree = "<group>"; };
		C0CBCB422BB209010020E594 /* RecordViewController.swift */ = {isa = PBXFileReference; lastKnownFileType = sourcecode.swift; path = RecordViewController.swift; sourceTree = "<group>"; };
		C0CBCB442BB2094B0020E594 /* RecordViewModel.swift */ = {isa = PBXFileReference; lastKnownFileType = sourcecode.swift; path = RecordViewModel.swift; sourceTree = "<group>"; };
		C0CBCB472BB20A610020E594 /* HighscoreLabel.swift */ = {isa = PBXFileReference; lastKnownFileType = sourcecode.swift; path = HighscoreLabel.swift; sourceTree = "<group>"; };
		C0CBCB492BB20BDE0020E594 /* SingleResultLabel.swift */ = {isa = PBXFileReference; lastKnownFileType = sourcecode.swift; path = SingleResultLabel.swift; sourceTree = "<group>"; };
		C0CBCB4B2BB20E070020E594 /* ConstraintsRC.swift */ = {isa = PBXFileReference; lastKnownFileType = sourcecode.swift; path = ConstraintsRC.swift; sourceTree = "<group>"; };
		C0CBCB4D2BB20F4C0020E594 /* ResultMenuButton.swift */ = {isa = PBXFileReference; lastKnownFileType = sourcecode.swift; path = ResultMenuButton.swift; sourceTree = "<group>"; };
		C0CBCB502BB2193E0020E594 /* TimerSingleRound.swift */ = {isa = PBXFileReference; lastKnownFileType = sourcecode.swift; path = TimerSingleRound.swift; sourceTree = "<group>"; };
		D91D650F2BAA1074003D7DBA /* SharePlayAllModels.swift */ = {isa = PBXFileReference; lastKnownFileType = sourcecode.swift; path = SharePlayAllModels.swift; sourceTree = "<group>"; };
		D91D65122BAB2871003D7DBA /* MultiplayerManagerViewModel.swift */ = {isa = PBXFileReference; lastKnownFileType = sourcecode.swift; path = MultiplayerManagerViewModel.swift; sourceTree = "<group>"; };
		D92885B02B9668D100C73B6E /* Mini04_Project.app */ = {isa = PBXFileReference; explicitFileType = wrapper.application; includeInIndex = 0; path = Mini04_Project.app; sourceTree = BUILT_PRODUCTS_DIR; };
		D92885B32B9668D100C73B6E /* Mini04_ProjectApp.swift */ = {isa = PBXFileReference; lastKnownFileType = sourcecode.swift; path = Mini04_ProjectApp.swift; sourceTree = "<group>"; };
		D92885B52B9668D100C73B6E /* MenuView.swift */ = {isa = PBXFileReference; lastKnownFileType = sourcecode.swift; path = MenuView.swift; sourceTree = "<group>"; };
		D92885B72B9668D200C73B6E /* Assets.xcassets */ = {isa = PBXFileReference; lastKnownFileType = folder.assetcatalog; path = Assets.xcassets; sourceTree = "<group>"; };
		D92885B92B9668D200C73B6E /* Mini04_Project.entitlements */ = {isa = PBXFileReference; lastKnownFileType = text.plist.entitlements; path = Mini04_Project.entitlements; sourceTree = "<group>"; };
		D92885BB2B9668D200C73B6E /* Preview Assets.xcassets */ = {isa = PBXFileReference; lastKnownFileType = folder.assetcatalog; path = "Preview Assets.xcassets"; sourceTree = "<group>"; };
		D92D6BA42BAD2C03006B7E87 /* MatchConfigView.swift */ = {isa = PBXFileReference; lastKnownFileType = sourcecode.swift; path = MatchConfigView.swift; sourceTree = "<group>"; };
		D92D6BA62BAD2CE5006B7E87 /* ToggleConfigComponent.swift */ = {isa = PBXFileReference; lastKnownFileType = sourcecode.swift; path = ToggleConfigComponent.swift; sourceTree = "<group>"; };
		D95398522BACCDA90022F444 /* MultiplayerHubView.swift */ = {isa = PBXFileReference; lastKnownFileType = sourcecode.swift; path = MultiplayerHubView.swift; sourceTree = "<group>"; };
		D9CD141E2BA8FA49003CB0B6 /* WhereWhereActivity.swift */ = {isa = PBXFileReference; lastKnownFileType = sourcecode.swift; path = WhereWhereActivity.swift; sourceTree = "<group>"; };
		D9CD14202BA8FABB003CB0B6 /* ShareInviteSheet.swift */ = {isa = PBXFileReference; lastKnownFileType = sourcecode.swift; path = ShareInviteSheet.swift; sourceTree = "<group>"; };
		D9CD14262BA8FB11003CB0B6 /* SharePlayViewModel.swift */ = {isa = PBXFileReference; lastKnownFileType = sourcecode.swift; path = SharePlayViewModel.swift; sourceTree = "<group>"; };
		D9CD14292BA9D84A003CB0B6 /* CreditsView.swift */ = {isa = PBXFileReference; lastKnownFileType = sourcecode.swift; path = CreditsView.swift; sourceTree = "<group>"; };
		E009867E2BAB626500E586C6 /* PartialResultCell.swift */ = {isa = PBXFileReference; lastKnownFileType = sourcecode.swift; path = PartialResultCell.swift; sourceTree = "<group>"; };
		E00986812BAB681200E586C6 /* CollectionDelegate.swift */ = {isa = PBXFileReference; lastKnownFileType = sourcecode.swift; path = CollectionDelegate.swift; sourceTree = "<group>"; };
		E00C5CD22BB349140020126E /* PlayerListCell.swift */ = {isa = PBXFileReference; lastKnownFileType = sourcecode.swift; path = PlayerListCell.swift; sourceTree = "<group>"; };
		E00C5CD42BB351420020126E /* UILableRepresentable.swift */ = {isa = PBXFileReference; lastKnownFileType = sourcecode.swift; path = UILableRepresentable.swift; sourceTree = "<group>"; };
		E087829F2BA4D41400FB5ABC /* UIImageExtension.swift */ = {isa = PBXFileReference; lastKnownFileType = sourcecode.swift; path = UIImageExtension.swift; sourceTree = "<group>"; };
		E08782A12BA4D42000FB5ABC /* Coordinator.swift */ = {isa = PBXFileReference; lastKnownFileType = sourcecode.swift; path = Coordinator.swift; sourceTree = "<group>"; };
		E08782A32BA4D42800FB5ABC /* CameraModel.swift */ = {isa = PBXFileReference; lastKnownFileType = sourcecode.swift; path = CameraModel.swift; sourceTree = "<group>"; };
		E08782A72BA4D44200FB5ABC /* MLModel.swift */ = {isa = PBXFileReference; lastKnownFileType = sourcecode.swift; path = MLModel.swift; sourceTree = "<group>"; };
		E08782A92BA4D46900FB5ABC /* PartialResultViewController.swift */ = {isa = PBXFileReference; lastKnownFileType = sourcecode.swift; path = PartialResultViewController.swift; sourceTree = "<group>"; };
		E08782AB2BA4D47F00FB5ABC /* GameplayViewController.swift */ = {isa = PBXFileReference; lastKnownFileType = sourcecode.swift; path = GameplayViewController.swift; sourceTree = "<group>"; };
		E08782AE2BA4D49E00FB5ABC /* FinalResultView.swift */ = {isa = PBXFileReference; lastKnownFileType = sourcecode.swift; path = FinalResultView.swift; sourceTree = "<group>"; };
		E08782B02BA4D4A600FB5ABC /* LobbyView.swift */ = {isa = PBXFileReference; lastKnownFileType = sourcecode.swift; path = LobbyView.swift; sourceTree = "<group>"; };
		E08782B22BA4ED1600FB5ABC /* CameraDelegate.swift */ = {isa = PBXFileReference; lastKnownFileType = sourcecode.swift; path = CameraDelegate.swift; sourceTree = "<group>"; };
		E08782B42BA8C31400FB5ABC /* CoreMlErrorsEnum.swift */ = {isa = PBXFileReference; lastKnownFileType = sourcecode.swift; path = CoreMlErrorsEnum.swift; sourceTree = "<group>"; };
		E08782B72BA8C44000FB5ABC /* PlayerData.swift */ = {isa = PBXFileReference; lastKnownFileType = sourcecode.swift; path = PlayerData.swift; sourceTree = "<group>"; };
		E08782B92BAA177500FB5ABC /* ProfileViewViewModel.swift */ = {isa = PBXFileReference; lastKnownFileType = sourcecode.swift; path = ProfileViewViewModel.swift; sourceTree = "<group>"; };
		E08782BB2BAB565900FB5ABC /* ConstraintsPR.swift */ = {isa = PBXFileReference; lastKnownFileType = sourcecode.swift; path = ConstraintsPR.swift; sourceTree = "<group>"; };
		E0AF6F032BACA948008BE255 /* PartialResultViewModel.swift */ = {isa = PBXFileReference; lastKnownFileType = sourcecode.swift; path = PartialResultViewModel.swift; sourceTree = "<group>"; };
		E0AF6F072BACAB67008BE255 /* EndGameButton.swift */ = {isa = PBXFileReference; lastKnownFileType = sourcecode.swift; path = EndGameButton.swift; sourceTree = "<group>"; };
		E0AF6F092BACAEA9008BE255 /* PartialResultsDelegates.swift */ = {isa = PBXFileReference; lastKnownFileType = sourcecode.swift; path = PartialResultsDelegates.swift; sourceTree = "<group>"; };
		E0AF6F0B2BACBC63008BE255 /* PartialResultTitle.swift */ = {isa = PBXFileReference; lastKnownFileType = sourcecode.swift; path = PartialResultTitle.swift; sourceTree = "<group>"; };
		E0AF6F0D2BACC6B1008BE255 /* ReadyButton.swift */ = {isa = PBXFileReference; lastKnownFileType = sourcecode.swift; path = ReadyButton.swift; sourceTree = "<group>"; };
/* End PBXFileReference section */

/* Begin PBXFrameworksBuildPhase section */
		D92885AD2B9668D100C73B6E /* Frameworks */ = {
			isa = PBXFrameworksBuildPhase;
			buildActionMask = 2147483647;
			files = (
			);
			runOnlyForDeploymentPostprocessing = 0;
		};
/* End PBXFrameworksBuildPhase section */

/* Begin PBXGroup section */
		2E3A743C2BAB52EB0026BE07 /* Components */ = {
			isa = PBXGroup;
			children = (
				2E3A743A2BAB52D40026BE07 /* BackButton.swift */,
			);
			path = Components;
			sourceTree = "<group>";
		};
		2E3A74562BACA9D60026BE07 /* Buttons */ = {
			isa = PBXGroup;
			children = (
				2E3A744E2BAB733D0026BE07 /* InfoButton.swift */,
				2E3A74502BAB73A10026BE07 /* ProfileButton.swift */,
				2E3A743D2BAB58F30026BE07 /* ConfigButton.swift */,
				2E3A74522BAB7ED90026BE07 /* SingleButton.swift */,
				2E3A74542BAB7F5E0026BE07 /* MultiplayerButton.swift */,
			);
			path = Buttons;
			sourceTree = "<group>";
		};
		2E3A74572BACA9F80026BE07 /* Buttons */ = {
			isa = PBXGroup;
			children = (
				2E3A74412BAB5FDB0026BE07 /* InviteButton.swift */,
				2E3A743F2BAB5DDF0026BE07 /* StartButton.swift */,
			);
			path = Buttons;
			sourceTree = "<group>";
		};
		2E3A74582BACAA040026BE07 /* Label */ = {
			isa = PBXGroup;
			children = (
				2E3A74442BAB60CD0026BE07 /* LobbyTitle.swift */,
			);
			path = Label;
			sourceTree = "<group>";
		};
		2E3A74592BACAA130026BE07 /* Label */ = {
			isa = PBXGroup;
			children = (
				2E3A744C2BAB63E20026BE07 /* MenuButtonLabel.swift */,
				2E3A74462BAB62410026BE07 /* FirstPlaceLabel.swift */,
				2E3A74482BAB62AD0026BE07 /* SecondPlaceLabel.swift */,
				2E3A744A2BAB62C20026BE07 /* ThirdPlaceLabel.swift */,
			);
			path = Label;
			sourceTree = "<group>";
		};
		2E3A745F2BB3484F0026BE07 /* PopUpButtons */ = {
			isa = PBXGroup;
			children = (
				2E3A74602BB348790026BE07 /* SoundOffButton.swift */,
				2E3A74622BB348870026BE07 /* SoundEffectsOff.swift */,
				2E3A74642BB348D90026BE07 /* HapticsOff.swift */,
				2E3A74662BB34ACE0026BE07 /* ProfileButtonPopUp.swift */,
				2E3A74682BB34AE30026BE07 /* CreditsButtonPopUp.swift */,
			);
			path = PopUpButtons;
			sourceTree = "<group>";
		};
		2E81140B2BA4E268009CCC77 /* Config */ = {
			isa = PBXGroup;
			children = (
				2E8114092BA4E263009CCC77 /* ConfigView.swift */,
			);
			path = Config;
			sourceTree = "<group>";
		};
		2E8114122BA4EA1B009CCC77 /* Gameplay */ = {
			isa = PBXGroup;
			children = (
				2E8114102BA4EA16009CCC77 /* GameplayView.swift */,
				D91D65122BAB2871003D7DBA /* MultiplayerManagerViewModel.swift */,
				C0CBCB3D2BAE2A0E0020E594 /* SingleplayerView.swift */,
			);
			path = Gameplay;
			sourceTree = "<group>";
		};
		2EC1BA752BA8738200E1E410 /* Profile */ = {
			isa = PBXGroup;
			children = (
				2EC1BA732BA8737100E1E410 /* ProfileView.swift */,
				E08782B92BAA177500FB5ABC /* ProfileViewViewModel.swift */,
			);
			path = Profile;
			sourceTree = "<group>";
		};
		C0393D5A2BACC9D100E97810 /* Audio */ = {
			isa = PBXGroup;
			children = (
				C0393D5B2BACC9FA00E97810 /* AudioManager.swift */,
			);
			path = Audio;
			sourceTree = "<group>";
		};
		C09107072BAA05F800037EAB /* Powers */ = {
			isa = PBXGroup;
			children = (
				C09107052BAA056300037EAB /* PowersStackView.swift */,
				C09107082BAA066900037EAB /* PowersButton.swift */,
			);
			path = Powers;
			sourceTree = "<group>";
		};
		C0A8B2902BA8A1460048AC08 /* CoreMLModels */ = {
			isa = PBXGroup;
			children = (
				C09107012BA9058200037EAB /* ColorClassifier.mlmodel */,
				C0A8B2912BA8A1970048AC08 /* NewHomeObjects.mlmodel */,
			);
			path = CoreMLModels;
			sourceTree = "<group>";
		};
		C0A8B2952BA8B3EB0048AC08 /* Components */ = {
			isa = PBXGroup;
			children = (
				C09107072BAA05F800037EAB /* Powers */,
				C0A8B2982BA8B6A80048AC08 /* ObjectName.swift */,
				C0A8B29F2BA8C7690048AC08 /* ChangeButton.swift */,
				C0A8B2A12BA8CD5B0048AC08 /* PhotoButton.swift */,
				C09106F92BA8DECB00037EAB /* CameraImageView.swift */,
				C09106FB2BA8F96A00037EAB /* PontosLabel.swift */,
				C09106FD2BA8FD7800037EAB /* RoundLabel.swift */,
				C09106FF2BA8FF0800037EAB /* SpecialObjectLabel.swift */,
				C09107032BA90D3400037EAB /* ProfileImage.swift */,
				2E3A74382BAA126A0026BE07 /* TimerRound.swift */,
				C091070C2BAA243D00037EAB /* TimerObject.swift */,
				C09107102BAB563A00037EAB /* SpecialObjectImage.swift */,
				C0393D5D2BACEDBC00E97810 /* CrosshairImage.swift */,
				C0393D5F2BACF05900E97810 /* LogoImage.swift */,
			);
			path = Components;
			sourceTree = "<group>";
		};
		C0A8B29C2BA8BEFD0048AC08 /* Models */ = {
			isa = PBXGroup;
			children = (
				C0A8B29A2BA8BA450048AC08 /* ItemsToFindModel.swift */,
			);
			path = Models;
			sourceTree = "<group>";
		};
		C0A8B2A52BA8CE260048AC08 /* Delegates */ = {
			isa = PBXGroup;
			children = (
				C0A8B2A32BA8CE190048AC08 /* Delegates.swift */,
			);
			path = Delegates;
			sourceTree = "<group>";
		};
		C0CBCB332BAE12D50020E594 /* Multiplayer */ = {
			isa = PBXGroup;
			children = (
				C0393D832BAD23FB00E97810 /* PreViewController.swift */,
				E08782AB2BA4D47F00FB5ABC /* GameplayViewController.swift */,
				2EC1BA762BA8B5F600E1E410 /* GameplayViewModel.swift */,
				C0A8B29D2BA8C1320048AC08 /* ConstraintsVC.swift */,
				C0A8B2A52BA8CE260048AC08 /* Delegates */,
			);
			path = Multiplayer;
			sourceTree = "<group>";
		};
		C0CBCB342BAE12F80020E594 /* Singleplayer */ = {
			isa = PBXGroup;
			children = (
				C0CBCB352BAE138C0020E594 /* SingleViewController.swift */,
				C0CBCB372BAE142B0020E594 /* SingleViewModel.swift */,
				C0CBCB392BAE14520020E594 /* ConstraintsSP.swift */,
				C0CBCB3B2BAE14870020E594 /* DelegatesSP.swift */,
				C0CBCB3F2BAE2A9B0020E594 /* PreSingleViewController.swift */,
				C0CBCB4F2BB219160020E594 /* Components */,
			);
			path = Singleplayer;
			sourceTree = "<group>";
		};
		C0CBCB412BB208D40020E594 /* Record */ = {
			isa = PBXGroup;
			children = (
				C0CBCB422BB209010020E594 /* RecordViewController.swift */,
				C0CBCB442BB2094B0020E594 /* RecordViewModel.swift */,
				C0CBCB4B2BB20E070020E594 /* ConstraintsRC.swift */,
				C0CBCB462BB20A2B0020E594 /* Components */,
			);
			path = Record;
			sourceTree = "<group>";
		};
		C0CBCB462BB20A2B0020E594 /* Components */ = {
			isa = PBXGroup;
			children = (
				C0CBCB472BB20A610020E594 /* HighscoreLabel.swift */,
				C0CBCB492BB20BDE0020E594 /* SingleResultLabel.swift */,
				C0CBCB4D2BB20F4C0020E594 /* ResultMenuButton.swift */,
			);
			path = Components;
			sourceTree = "<group>";
		};
		C0CBCB4F2BB219160020E594 /* Components */ = {
			isa = PBXGroup;
			children = (
				C0CBCB502BB2193E0020E594 /* TimerSingleRound.swift */,
			);
			path = Components;
			sourceTree = "<group>";
		};
		D92885A72B9668D100C73B6E = {
			isa = PBXGroup;
			children = (
				D92885B22B9668D100C73B6E /* Mini04_Project */,
				D92885B12B9668D100C73B6E /* Products */,
			);
			sourceTree = "<group>";
		};
		D92885B12B9668D100C73B6E /* Products */ = {
			isa = PBXGroup;
			children = (
				D92885B02B9668D100C73B6E /* Mini04_Project.app */,
			);
			name = Products;
			sourceTree = "<group>";
		};
		D92885B22B9668D100C73B6E /* Mini04_Project */ = {
			isa = PBXGroup;
			children = (
				C0A8B2902BA8A1460048AC08 /* CoreMLModels */,
				E087829E2BA4D06E00FB5ABC /* Utilities */,
				E087829D2BA4D06400FB5ABC /* Coordinator */,
				E08782992BA4D00200FB5ABC /* Services */,
				E05410B42BA4CE1500046661 /* UIKit */,
				E05410B32BA4CE0300046661 /* SwiftUI */,
				D92885B32B9668D100C73B6E /* Mini04_ProjectApp.swift */,
				D92885B72B9668D200C73B6E /* Assets.xcassets */,
				D92885B92B9668D200C73B6E /* Mini04_Project.entitlements */,
				D92885BA2B9668D200C73B6E /* Preview Content */,
			);
			path = Mini04_Project;
			sourceTree = "<group>";
		};
		D92885BA2B9668D200C73B6E /* Preview Content */ = {
			isa = PBXGroup;
			children = (
				D92885BB2B9668D200C73B6E /* Preview Assets.xcassets */,
			);
			path = "Preview Content";
			sourceTree = "<group>";
		};
		D92D6BA92BAD3485006B7E87 /* CofigMatch */ = {
			isa = PBXGroup;
			children = (
				D92D6BA42BAD2C03006B7E87 /* MatchConfigView.swift */,
				D92D6BA62BAD2CE5006B7E87 /* ToggleConfigComponent.swift */,
			);
			path = CofigMatch;
			sourceTree = "<group>";
		};
		D9CD14282BA9D825003CB0B6 /* Credits */ = {
			isa = PBXGroup;
			children = (
				D9CD14292BA9D84A003CB0B6 /* CreditsView.swift */,
			);
			path = Credits;
			sourceTree = "<group>";
		};
		E009867D2BAB622000E586C6 /* Components */ = {
			isa = PBXGroup;
			children = (
				E009867E2BAB626500E586C6 /* PartialResultCell.swift */,
				E0AF6F072BACAB67008BE255 /* EndGameButton.swift */,
				E0AF6F0B2BACBC63008BE255 /* PartialResultTitle.swift */,
				E0AF6F0D2BACC6B1008BE255 /* ReadyButton.swift */,
			);
			path = Components;
			sourceTree = "<group>";
		};
		E00986802BAB67FE00E586C6 /* Delegates */ = {
			isa = PBXGroup;
			children = (
				E00986812BAB681200E586C6 /* CollectionDelegate.swift */,
				E0AF6F092BACAEA9008BE255 /* PartialResultsDelegates.swift */,
			);
			path = Delegates;
			sourceTree = "<group>";
		};
		E00C5CD12BB348F50020126E /* Components */ = {
			isa = PBXGroup;
			children = (
				2E3A74572BACA9F80026BE07 /* Buttons */,
				2E3A74582BACAA040026BE07 /* Label */,
				E00C5CD22BB349140020126E /* PlayerListCell.swift */,
			);
			path = Components;
			sourceTree = "<group>";
		};
		E05410B22BA4CDEF00046661 /* Menu */ = {
			isa = PBXGroup;
			children = (
				2E3A74562BACA9D60026BE07 /* Buttons */,
				D92885B52B9668D100C73B6E /* MenuView.swift */,
				2E3A745D2BB1AF250026BE07 /* PopUpConfig.swift */,
				2E3A745F2BB3484F0026BE07 /* PopUpButtons */,
			);
			path = Menu;
			sourceTree = "<group>";
		};
		E05410B32BA4CE0300046661 /* SwiftUI */ = {
			isa = PBXGroup;
			children = (
				2E3A743C2BAB52EB0026BE07 /* Components */,
				D9CD14282BA9D825003CB0B6 /* Credits */,
				E08782982BA4CFF700FB5ABC /* FinalRank */,
				2E8114122BA4EA1B009CCC77 /* Gameplay */,
				E08782972BA4CFE700FB5ABC /* Lobby */,
				2E81140B2BA4E268009CCC77 /* Config */,
				E05410B22BA4CDEF00046661 /* Menu */,
				2EC1BA752BA8738200E1E410 /* Profile */,
			);
			path = SwiftUI;
			sourceTree = "<group>";
		};
		E05410B42BA4CE1500046661 /* UIKit */ = {
			isa = PBXGroup;
			children = (
				E05410B62BA4CE4600046661 /* PartialResult */,
				C0CBCB412BB208D40020E594 /* Record */,
				E05410B52BA4CE1E00046661 /* Gameplay */,
			);
			path = UIKit;
			sourceTree = "<group>";
		};
		E05410B52BA4CE1E00046661 /* Gameplay */ = {
			isa = PBXGroup;
			children = (
				C0CBCB342BAE12F80020E594 /* Singleplayer */,
				C0CBCB332BAE12D50020E594 /* Multiplayer */,
				C0A8B29C2BA8BEFD0048AC08 /* Models */,
				C0A8B2952BA8B3EB0048AC08 /* Components */,
			);
			path = Gameplay;
			sourceTree = "<group>";
		};
		E05410B62BA4CE4600046661 /* PartialResult */ = {
			isa = PBXGroup;
			children = (
				E08782A92BA4D46900FB5ABC /* PartialResultViewController.swift */,
				E0AF6F032BACA948008BE255 /* PartialResultViewModel.swift */,
				E08782BB2BAB565900FB5ABC /* ConstraintsPR.swift */,
				E00986802BAB67FE00E586C6 /* Delegates */,
				E009867D2BAB622000E586C6 /* Components */,
			);
			path = PartialResult;
			sourceTree = "<group>";
		};
		E08782972BA4CFE700FB5ABC /* Lobby */ = {
			isa = PBXGroup;
			children = (
				E00C5CD12BB348F50020126E /* Components */,
				E08782B02BA4D4A600FB5ABC /* LobbyView.swift */,
				D95398522BACCDA90022F444 /* MultiplayerHubView.swift */,
				D92D6BA92BAD3485006B7E87 /* CofigMatch */,
			);
			path = Lobby;
			sourceTree = "<group>";
		};
		E08782982BA4CFF700FB5ABC /* FinalRank */ = {
			isa = PBXGroup;
			children = (
				2E3A74592BACAA130026BE07 /* Label */,
				E08782AE2BA4D49E00FB5ABC /* FinalResultView.swift */,
			);
			path = FinalRank;
			sourceTree = "<group>";
		};
		E08782992BA4D00200FB5ABC /* Services */ = {
			isa = PBXGroup;
			children = (
				C0393D5A2BACC9D100E97810 /* Audio */,
				E087829C2BA4D03800FB5ABC /* Camera */,
				E087829B2BA4D02000FB5ABC /* SharePlay */,
				E087829A2BA4D00A00FB5ABC /* MachineLearning */,
			);
			path = Services;
			sourceTree = "<group>";
		};
		E087829A2BA4D00A00FB5ABC /* MachineLearning */ = {
			isa = PBXGroup;
			children = (
				E08782A72BA4D44200FB5ABC /* MLModel.swift */,
				E08782B42BA8C31400FB5ABC /* CoreMlErrorsEnum.swift */,
			);
			path = MachineLearning;
			sourceTree = "<group>";
		};
		E087829B2BA4D02000FB5ABC /* SharePlay */ = {
			isa = PBXGroup;
			children = (
				E08782B62BA8C42500FB5ABC /* Entities */,
				D9CD14262BA8FB11003CB0B6 /* SharePlayViewModel.swift */,
			);
			path = SharePlay;
			sourceTree = "<group>";
		};
		E087829C2BA4D03800FB5ABC /* Camera */ = {
			isa = PBXGroup;
			children = (
				E08782A32BA4D42800FB5ABC /* CameraModel.swift */,
				E08782B22BA4ED1600FB5ABC /* CameraDelegate.swift */,
			);
			path = Camera;
			sourceTree = "<group>";
		};
		E087829D2BA4D06400FB5ABC /* Coordinator */ = {
			isa = PBXGroup;
			children = (
				E08782A12BA4D42000FB5ABC /* Coordinator.swift */,
				2E81140C2BA4E3C2009CCC77 /* CoordinatorView.swift */,
			);
			path = Coordinator;
			sourceTree = "<group>";
		};
		E087829E2BA4D06E00FB5ABC /* Utilities */ = {
			isa = PBXGroup;
			children = (
				E087829F2BA4D41400FB5ABC /* UIImageExtension.swift */,
				C09107122BAB730700037EAB /* StringExtension.swift */,
				E00C5CD42BB351420020126E /* UILableRepresentable.swift */,
			);
			path = Utilities;
			sourceTree = "<group>";
		};
		E08782B62BA8C42500FB5ABC /* Entities */ = {
			isa = PBXGroup;
			children = (
				E08782B72BA8C44000FB5ABC /* PlayerData.swift */,
				D9CD141E2BA8FA49003CB0B6 /* WhereWhereActivity.swift */,
				D9CD14202BA8FABB003CB0B6 /* ShareInviteSheet.swift */,
				D91D650F2BAA1074003D7DBA /* SharePlayAllModels.swift */,
			);
			path = Entities;
			sourceTree = "<group>";
		};
/* End PBXGroup section */

/* Begin PBXNativeTarget section */
		D92885AF2B9668D100C73B6E /* Mini04_Project */ = {
			isa = PBXNativeTarget;
			buildConfigurationList = D92885BF2B9668D200C73B6E /* Build configuration list for PBXNativeTarget "Mini04_Project" */;
			buildPhases = (
				D92885AC2B9668D100C73B6E /* Sources */,
				D92885AD2B9668D100C73B6E /* Frameworks */,
				D92885AE2B9668D100C73B6E /* Resources */,
			);
			buildRules = (
			);
			dependencies = (
			);
			name = Mini04_Project;
			productName = Mini04_Project;
			productReference = D92885B02B9668D100C73B6E /* Mini04_Project.app */;
			productType = "com.apple.product-type.application";
		};
/* End PBXNativeTarget section */

/* Begin PBXProject section */
		D92885A82B9668D100C73B6E /* Project object */ = {
			isa = PBXProject;
			attributes = {
				BuildIndependentTargetsInParallel = 1;
				LastSwiftUpdateCheck = 1520;
				LastUpgradeCheck = 1530;
				TargetAttributes = {
					D92885AF2B9668D100C73B6E = {
						CreatedOnToolsVersion = 15.2;
					};
				};
			};
			buildConfigurationList = D92885AB2B9668D100C73B6E /* Build configuration list for PBXProject "Mini04_Project" */;
			compatibilityVersion = "Xcode 14.0";
			developmentRegion = en;
			hasScannedForEncodings = 0;
			knownRegions = (
				en,
				Base,
			);
			mainGroup = D92885A72B9668D100C73B6E;
			productRefGroup = D92885B12B9668D100C73B6E /* Products */;
			projectDirPath = "";
			projectRoot = "";
			targets = (
				D92885AF2B9668D100C73B6E /* Mini04_Project */,
			);
		};
/* End PBXProject section */

/* Begin PBXResourcesBuildPhase section */
		D92885AE2B9668D100C73B6E /* Resources */ = {
			isa = PBXResourcesBuildPhase;
			buildActionMask = 2147483647;
			files = (
				D92885BC2B9668D200C73B6E /* Preview Assets.xcassets in Resources */,
				D92885B82B9668D200C73B6E /* Assets.xcassets in Resources */,
			);
			runOnlyForDeploymentPostprocessing = 0;
		};
/* End PBXResourcesBuildPhase section */

/* Begin PBXSourcesBuildPhase section */
		D92885AC2B9668D100C73B6E /* Sources */ = {
			isa = PBXSourcesBuildPhase;
			buildActionMask = 2147483647;
			files = (
				C0A8B29B2BA8BA450048AC08 /* ItemsToFindModel.swift in Sources */,
				E0AF6F0C2BACBC63008BE255 /* PartialResultTitle.swift in Sources */,
				D9CD14212BA8FABB003CB0B6 /* ShareInviteSheet.swift in Sources */,
				C0CBCB482BB20A610020E594 /* HighscoreLabel.swift in Sources */,
				2E81140A2BA4E263009CCC77 /* ConfigView.swift in Sources */,
				E08782B12BA4D4A600FB5ABC /* LobbyView.swift in Sources */,
				E08782A22BA4D42000FB5ABC /* Coordinator.swift in Sources */,
				D95398532BACCDA90022F444 /* MultiplayerHubView.swift in Sources */,
				C09106FA2BA8DECB00037EAB /* CameraImageView.swift in Sources */,
				D92D6BA82BAD30D0006B7E87 /* ToggleConfigComponent.swift in Sources */,
				E08782BC2BAB565900FB5ABC /* ConstraintsPR.swift in Sources */,
				E009867F2BAB626500E586C6 /* PartialResultCell.swift in Sources */,
				E08782A02BA4D41500FB5ABC /* UIImageExtension.swift in Sources */,
				E08782A02BA4D41500FB5ABC /* UIImageExtension.swift in Sources */,
				E08782AC2BA4D47F00FB5ABC /* GameplayViewController.swift in Sources */,
				C0A8B29E2BA8C1320048AC08 /* ConstraintsVC.swift in Sources */,
				E08782A42BA4D42800FB5ABC /* CameraModel.swift in Sources */,
				D92885B62B9668D100C73B6E /* MenuView.swift in Sources */,
				2E3A743E2BAB58F30026BE07 /* ConfigButton.swift in Sources */,
				C09106FC2BA8F96A00037EAB /* PontosLabel.swift in Sources */,
				C0393D5C2BACC9FA00E97810 /* AudioManager.swift in Sources */,
				C0A8B2A22BA8CD5B0048AC08 /* PhotoButton.swift in Sources */,
				C0A8B2A42BA8CE190048AC08 /* Delegates.swift in Sources */,
				2E3A74692BB34AE30026BE07 /* CreditsButtonPopUp.swift in Sources */,
				C091070D2BAA243D00037EAB /* TimerObject.swift in Sources */,
				E0AF6F0E2BACC6B1008BE255 /* ReadyButton.swift in Sources */,
				C09107042BA90D3400037EAB /* ProfileImage.swift in Sources */,
				C0CBCB3A2BAE14520020E594 /* ConstraintsSP.swift in Sources */,
				D9AAE1902BAD24A5009C1A90 /* SharePlayViewModel.swift in Sources */,
				D92D6BA52BAD2C03006B7E87 /* MatchConfigView.swift in Sources */,
				D91D65102BAA1074003D7DBA /* SharePlayAllModels.swift in Sources */,
				D9CD141F2BA8FA49003CB0B6 /* WhereWhereActivity.swift in Sources */,
				2E3A74512BAB73A10026BE07 /* ProfileButton.swift in Sources */,
				2E3A74552BAB7F5E0026BE07 /* MultiplayerButton.swift in Sources */,
				C0CBCB402BAE2A9B0020E594 /* PreSingleViewController.swift in Sources */,
				2EC1BA742BA8737100E1E410 /* ProfileView.swift in Sources */,
				E08782A82BA4D44200FB5ABC /* MLModel.swift in Sources */,
				E0AF6F042BACA948008BE255 /* PartialResultViewModel.swift in Sources */,
				E08782B32BA4ED1600FB5ABC /* CameraDelegate.swift in Sources */,
				C0393D842BAD23FB00E97810 /* PreViewController.swift in Sources */,
				2E3A745E2BB1AF250026BE07 /* PopUpConfig.swift in Sources */,
				2E3A744D2BAB63E20026BE07 /* MenuButtonLabel.swift in Sources */,
				E08782AF2BA4D49E00FB5ABC /* FinalResultView.swift in Sources */,
				2E3A743B2BAB52D40026BE07 /* BackButton.swift in Sources */,
				C09107022BA9058200037EAB /* ColorClassifier.mlmodel in Sources */,
				D91D65132BAB2871003D7DBA /* MultiplayerManagerViewModel.swift in Sources */,
				C09107112BAB563A00037EAB /* SpecialObjectImage.swift in Sources */,
				2E81140D2BA4E3C2009CCC77 /* CoordinatorView.swift in Sources */,
				E00986822BAB681200E586C6 /* CollectionDelegate.swift in Sources */,
				E08782B52BA8C31400FB5ABC /* CoreMlErrorsEnum.swift in Sources */,
				C0CBCB4A2BB20BDE0020E594 /* SingleResultLabel.swift in Sources */,
				C0CBCB452BB2094B0020E594 /* RecordViewModel.swift in Sources */,
				C0CBCB3C2BAE14870020E594 /* DelegatesSP.swift in Sources */,
				2E3A74472BAB62410026BE07 /* FirstPlaceLabel.swift in Sources */,
				C09107092BAA066900037EAB /* PowersButton.swift in Sources */,
				2E3A74392BAA126A0026BE07 /* TimerRound.swift in Sources */,
				2E3A74632BB348870026BE07 /* SoundEffectsOff.swift in Sources */,
				C0A8B2932BA8A1970048AC08 /* NewHomeObjects.mlmodel in Sources */,
				C09107132BAB730700037EAB /* StringExtension.swift in Sources */,
				E08782B82BA8C44000FB5ABC /* PlayerData.swift in Sources */,
				E08782BA2BAA177600FB5ABC /* ProfileViewViewModel.swift in Sources */,
				D9CD142A2BA9D84A003CB0B6 /* CreditsView.swift in Sources */,
				C0CBCB4C2BB20E070020E594 /* ConstraintsRC.swift in Sources */,
				2E8114112BA4EA16009CCC77 /* GameplayView.swift in Sources */,
				2E3A74452BAB60CD0026BE07 /* LobbyTitle.swift in Sources */,
				C09107062BAA056300037EAB /* PowersStackView.swift in Sources */,
				2E3A74652BB348D90026BE07 /* HapticsOff.swift in Sources */,
				2E3A74492BAB62AD0026BE07 /* SecondPlaceLabel.swift in Sources */,
				2E3A74422BAB5FDB0026BE07 /* InviteButton.swift in Sources */,
				2E3A74672BB34ACE0026BE07 /* ProfileButtonPopUp.swift in Sources */,
				E08782AA2BA4D46900FB5ABC /* PartialResultViewController.swift in Sources */,
				C0CBCB3E2BAE2A0E0020E594 /* SingleplayerView.swift in Sources */,
				2E3A74532BAB7ED90026BE07 /* SingleButton.swift in Sources */,
				C0CBCB362BAE138C0020E594 /* SingleViewController.swift in Sources */,
				C0A8B2A02BA8C7690048AC08 /* ChangeButton.swift in Sources */,
				D92885B42B9668D100C73B6E /* Mini04_ProjectApp.swift in Sources */,
				C0CBCB432BB209010020E594 /* RecordViewController.swift in Sources */,
				C0CBCB4E2BB20F4C0020E594 /* ResultMenuButton.swift in Sources */,
				E0AF6F0A2BACAEA9008BE255 /* PartialResultsDelegates.swift in Sources */,
				E0AF6F082BACAB67008BE255 /* EndGameButton.swift in Sources */,
				2EC1BA772BA8B5F600E1E410 /* GameplayViewModel.swift in Sources */,
				2E3A744B2BAB62C20026BE07 /* ThirdPlaceLabel.swift in Sources */,
				C0A8B2992BA8B6A80048AC08 /* ObjectName.swift in Sources */,
				C0CBCB512BB2193E0020E594 /* TimerSingleRound.swift in Sources */,
				C0393D5E2BACEDBC00E97810 /* CrosshairImage.swift in Sources */,
				2E3A74612BB348790026BE07 /* SoundOffButton.swift in Sources */,
				2E3A744F2BAB733D0026BE07 /* InfoButton.swift in Sources */,
				E00C5CD32BB349140020126E /* PlayerListCell.swift in Sources */,
				C09106FE2BA8FD7800037EAB /* RoundLabel.swift in Sources */,
				C0CBCB382BAE142B0020E594 /* SingleViewModel.swift in Sources */,
				2E3A74402BAB5DDF0026BE07 /* StartButton.swift in Sources */,
				C0393D602BACF05900E97810 /* LogoImage.swift in Sources */,
				C09107002BA8FF0800037EAB /* SpecialObjectLabel.swift in Sources */,
				D9D181742BB3895700283E2E /* UILableRepresentable.swift in Sources */,
			);
			runOnlyForDeploymentPostprocessing = 0;
		};
/* End PBXSourcesBuildPhase section */

/* Begin XCBuildConfiguration section */
		D92885BD2B9668D200C73B6E /* Debug */ = {
			isa = XCBuildConfiguration;
			buildSettings = {
				ALWAYS_SEARCH_USER_PATHS = NO;
				ASSETCATALOG_COMPILER_GENERATE_SWIFT_ASSET_SYMBOL_EXTENSIONS = YES;
				CLANG_ANALYZER_NONNULL = YES;
				CLANG_ANALYZER_NUMBER_OBJECT_CONVERSION = YES_AGGRESSIVE;
				CLANG_CXX_LANGUAGE_STANDARD = "gnu++20";
				CLANG_ENABLE_MODULES = YES;
				CLANG_ENABLE_OBJC_ARC = YES;
				CLANG_ENABLE_OBJC_WEAK = YES;
				CLANG_WARN_BLOCK_CAPTURE_AUTORELEASING = YES;
				CLANG_WARN_BOOL_CONVERSION = YES;
				CLANG_WARN_COMMA = YES;
				CLANG_WARN_CONSTANT_CONVERSION = YES;
				CLANG_WARN_DEPRECATED_OBJC_IMPLEMENTATIONS = YES;
				CLANG_WARN_DIRECT_OBJC_ISA_USAGE = YES_ERROR;
				CLANG_WARN_DOCUMENTATION_COMMENTS = YES;
				CLANG_WARN_EMPTY_BODY = YES;
				CLANG_WARN_ENUM_CONVERSION = YES;
				CLANG_WARN_INFINITE_RECURSION = YES;
				CLANG_WARN_INT_CONVERSION = YES;
				CLANG_WARN_NON_LITERAL_NULL_CONVERSION = YES;
				CLANG_WARN_OBJC_IMPLICIT_RETAIN_SELF = YES;
				CLANG_WARN_OBJC_LITERAL_CONVERSION = YES;
				CLANG_WARN_OBJC_ROOT_CLASS = YES_ERROR;
				CLANG_WARN_QUOTED_INCLUDE_IN_FRAMEWORK_HEADER = YES;
				CLANG_WARN_RANGE_LOOP_ANALYSIS = YES;
				CLANG_WARN_STRICT_PROTOTYPES = YES;
				CLANG_WARN_SUSPICIOUS_MOVE = YES;
				CLANG_WARN_UNGUARDED_AVAILABILITY = YES_AGGRESSIVE;
				CLANG_WARN_UNREACHABLE_CODE = YES;
				CLANG_WARN__DUPLICATE_METHOD_MATCH = YES;
				COPY_PHASE_STRIP = NO;
				DEAD_CODE_STRIPPING = YES;
				DEBUG_INFORMATION_FORMAT = dwarf;
				ENABLE_STRICT_OBJC_MSGSEND = YES;
				ENABLE_TESTABILITY = YES;
				ENABLE_USER_SCRIPT_SANDBOXING = YES;
				GCC_C_LANGUAGE_STANDARD = gnu17;
				GCC_DYNAMIC_NO_PIC = NO;
				GCC_NO_COMMON_BLOCKS = YES;
				GCC_OPTIMIZATION_LEVEL = 0;
				GCC_PREPROCESSOR_DEFINITIONS = (
					"DEBUG=1",
					"$(inherited)",
				);
				GCC_WARN_64_TO_32_BIT_CONVERSION = YES;
				GCC_WARN_ABOUT_RETURN_TYPE = YES_ERROR;
				GCC_WARN_UNDECLARED_SELECTOR = YES;
				GCC_WARN_UNINITIALIZED_AUTOS = YES_AGGRESSIVE;
				GCC_WARN_UNUSED_FUNCTION = YES;
				GCC_WARN_UNUSED_VARIABLE = YES;
				LOCALIZATION_PREFERS_STRING_CATALOGS = YES;
				MTL_ENABLE_DEBUG_INFO = INCLUDE_SOURCE;
				MTL_FAST_MATH = YES;
				ONLY_ACTIVE_ARCH = YES;
				SWIFT_ACTIVE_COMPILATION_CONDITIONS = "DEBUG $(inherited)";
				SWIFT_OPTIMIZATION_LEVEL = "-Onone";
			};
			name = Debug;
		};
		D92885BE2B9668D200C73B6E /* Release */ = {
			isa = XCBuildConfiguration;
			buildSettings = {
				ALWAYS_SEARCH_USER_PATHS = NO;
				ASSETCATALOG_COMPILER_GENERATE_SWIFT_ASSET_SYMBOL_EXTENSIONS = YES;
				CLANG_ANALYZER_NONNULL = YES;
				CLANG_ANALYZER_NUMBER_OBJECT_CONVERSION = YES_AGGRESSIVE;
				CLANG_CXX_LANGUAGE_STANDARD = "gnu++20";
				CLANG_ENABLE_MODULES = YES;
				CLANG_ENABLE_OBJC_ARC = YES;
				CLANG_ENABLE_OBJC_WEAK = YES;
				CLANG_WARN_BLOCK_CAPTURE_AUTORELEASING = YES;
				CLANG_WARN_BOOL_CONVERSION = YES;
				CLANG_WARN_COMMA = YES;
				CLANG_WARN_CONSTANT_CONVERSION = YES;
				CLANG_WARN_DEPRECATED_OBJC_IMPLEMENTATIONS = YES;
				CLANG_WARN_DIRECT_OBJC_ISA_USAGE = YES_ERROR;
				CLANG_WARN_DOCUMENTATION_COMMENTS = YES;
				CLANG_WARN_EMPTY_BODY = YES;
				CLANG_WARN_ENUM_CONVERSION = YES;
				CLANG_WARN_INFINITE_RECURSION = YES;
				CLANG_WARN_INT_CONVERSION = YES;
				CLANG_WARN_NON_LITERAL_NULL_CONVERSION = YES;
				CLANG_WARN_OBJC_IMPLICIT_RETAIN_SELF = YES;
				CLANG_WARN_OBJC_LITERAL_CONVERSION = YES;
				CLANG_WARN_OBJC_ROOT_CLASS = YES_ERROR;
				CLANG_WARN_QUOTED_INCLUDE_IN_FRAMEWORK_HEADER = YES;
				CLANG_WARN_RANGE_LOOP_ANALYSIS = YES;
				CLANG_WARN_STRICT_PROTOTYPES = YES;
				CLANG_WARN_SUSPICIOUS_MOVE = YES;
				CLANG_WARN_UNGUARDED_AVAILABILITY = YES_AGGRESSIVE;
				CLANG_WARN_UNREACHABLE_CODE = YES;
				CLANG_WARN__DUPLICATE_METHOD_MATCH = YES;
				COPY_PHASE_STRIP = NO;
				DEAD_CODE_STRIPPING = YES;
				DEBUG_INFORMATION_FORMAT = "dwarf-with-dsym";
				ENABLE_NS_ASSERTIONS = NO;
				ENABLE_STRICT_OBJC_MSGSEND = YES;
				ENABLE_USER_SCRIPT_SANDBOXING = YES;
				GCC_C_LANGUAGE_STANDARD = gnu17;
				GCC_NO_COMMON_BLOCKS = YES;
				GCC_WARN_64_TO_32_BIT_CONVERSION = YES;
				GCC_WARN_ABOUT_RETURN_TYPE = YES_ERROR;
				GCC_WARN_UNDECLARED_SELECTOR = YES;
				GCC_WARN_UNINITIALIZED_AUTOS = YES_AGGRESSIVE;
				GCC_WARN_UNUSED_FUNCTION = YES;
				GCC_WARN_UNUSED_VARIABLE = YES;
				LOCALIZATION_PREFERS_STRING_CATALOGS = YES;
				MTL_ENABLE_DEBUG_INFO = NO;
				MTL_FAST_MATH = YES;
				SWIFT_COMPILATION_MODE = wholemodule;
			};
			name = Release;
		};
		D92885C02B9668D200C73B6E /* Debug */ = {
			isa = XCBuildConfiguration;
			buildSettings = {
				ASSETCATALOG_COMPILER_APPICON_NAME = AppIcon;
				ASSETCATALOG_COMPILER_GLOBAL_ACCENT_COLOR_NAME = AccentColor;
				CODE_SIGN_ENTITLEMENTS = Mini04_Project/Mini04_Project.entitlements;
				CODE_SIGN_STYLE = Automatic;
				CURRENT_PROJECT_VERSION = 1;
				DEAD_CODE_STRIPPING = YES;
				DEVELOPMENT_ASSET_PATHS = "\"Mini04_Project/Preview Content\"";
				DEVELOPMENT_TEAM = 335BRL9A43;
				ENABLE_HARDENED_RUNTIME = YES;
				ENABLE_PREVIEWS = YES;
				GENERATE_INFOPLIST_FILE = YES;
				INFOPLIST_KEY_NSCameraUsageDescription = "This apps needs camera usage to work";
				"INFOPLIST_KEY_UIApplicationSceneManifest_Generation[sdk=iphoneos*]" = YES;
				"INFOPLIST_KEY_UIApplicationSceneManifest_Generation[sdk=iphonesimulator*]" = YES;
				"INFOPLIST_KEY_UIApplicationSupportsIndirectInputEvents[sdk=iphoneos*]" = YES;
				"INFOPLIST_KEY_UIApplicationSupportsIndirectInputEvents[sdk=iphonesimulator*]" = YES;
				"INFOPLIST_KEY_UILaunchScreen_Generation[sdk=iphoneos*]" = YES;
				"INFOPLIST_KEY_UILaunchScreen_Generation[sdk=iphonesimulator*]" = YES;
				"INFOPLIST_KEY_UIStatusBarStyle[sdk=iphoneos*]" = UIStatusBarStyleDefault;
				"INFOPLIST_KEY_UIStatusBarStyle[sdk=iphonesimulator*]" = UIStatusBarStyleDefault;
				INFOPLIST_KEY_UISupportedInterfaceOrientations_iPad = "UIInterfaceOrientationPortrait UIInterfaceOrientationPortraitUpsideDown UIInterfaceOrientationLandscapeLeft UIInterfaceOrientationLandscapeRight";
				INFOPLIST_KEY_UISupportedInterfaceOrientations_iPhone = "";
				IPHONEOS_DEPLOYMENT_TARGET = 17.2;
				LD_RUNPATH_SEARCH_PATHS = "@executable_path/Frameworks";
				"LD_RUNPATH_SEARCH_PATHS[sdk=macosx*]" = "@executable_path/../Frameworks";
				MACOSX_DEPLOYMENT_TARGET = 14.2;
				MARKETING_VERSION = 1.0;
				PRODUCT_BUNDLE_IDENTIFIER = "group7.Mini04-Proje";
				PRODUCT_NAME = "$(TARGET_NAME)";
				SDKROOT = auto;
				SUPPORTED_PLATFORMS = "iphoneos iphonesimulator";
				SUPPORTS_MACCATALYST = YES;
				SWIFT_EMIT_LOC_STRINGS = YES;
				SWIFT_VERSION = 5.0;
				TARGETED_DEVICE_FAMILY = "1,2";
			};
			name = Debug;
		};
		D92885C12B9668D200C73B6E /* Release */ = {
			isa = XCBuildConfiguration;
			buildSettings = {
				ASSETCATALOG_COMPILER_APPICON_NAME = AppIcon;
				ASSETCATALOG_COMPILER_GLOBAL_ACCENT_COLOR_NAME = AccentColor;
				CODE_SIGN_ENTITLEMENTS = Mini04_Project/Mini04_Project.entitlements;
				CODE_SIGN_STYLE = Automatic;
				CURRENT_PROJECT_VERSION = 1;
				DEAD_CODE_STRIPPING = YES;
				DEVELOPMENT_ASSET_PATHS = "\"Mini04_Project/Preview Content\"";
				DEVELOPMENT_TEAM = 335BRL9A43;
				ENABLE_HARDENED_RUNTIME = YES;
				ENABLE_PREVIEWS = YES;
				GENERATE_INFOPLIST_FILE = YES;
				INFOPLIST_KEY_NSCameraUsageDescription = "This apps needs camera usage to work";
				"INFOPLIST_KEY_UIApplicationSceneManifest_Generation[sdk=iphoneos*]" = YES;
				"INFOPLIST_KEY_UIApplicationSceneManifest_Generation[sdk=iphonesimulator*]" = YES;
				"INFOPLIST_KEY_UIApplicationSupportsIndirectInputEvents[sdk=iphoneos*]" = YES;
				"INFOPLIST_KEY_UIApplicationSupportsIndirectInputEvents[sdk=iphonesimulator*]" = YES;
				"INFOPLIST_KEY_UILaunchScreen_Generation[sdk=iphoneos*]" = YES;
				"INFOPLIST_KEY_UILaunchScreen_Generation[sdk=iphonesimulator*]" = YES;
				"INFOPLIST_KEY_UIStatusBarStyle[sdk=iphoneos*]" = UIStatusBarStyleDefault;
				"INFOPLIST_KEY_UIStatusBarStyle[sdk=iphonesimulator*]" = UIStatusBarStyleDefault;
				INFOPLIST_KEY_UISupportedInterfaceOrientations_iPad = "UIInterfaceOrientationPortrait UIInterfaceOrientationPortraitUpsideDown UIInterfaceOrientationLandscapeLeft UIInterfaceOrientationLandscapeRight";
				INFOPLIST_KEY_UISupportedInterfaceOrientations_iPhone = "";
				IPHONEOS_DEPLOYMENT_TARGET = 17.2;
				LD_RUNPATH_SEARCH_PATHS = "@executable_path/Frameworks";
				"LD_RUNPATH_SEARCH_PATHS[sdk=macosx*]" = "@executable_path/../Frameworks";
				MACOSX_DEPLOYMENT_TARGET = 14.2;
				MARKETING_VERSION = 1.0;
				PRODUCT_BUNDLE_IDENTIFIER = "group7.Mini04-Project";
				PRODUCT_NAME = "$(TARGET_NAME)";
				SDKROOT = auto;
				SUPPORTED_PLATFORMS = "iphoneos iphonesimulator";
				SUPPORTS_MACCATALYST = YES;
				SWIFT_EMIT_LOC_STRINGS = YES;
				SWIFT_VERSION = 5.0;
				TARGETED_DEVICE_FAMILY = "1,2";
			};
			name = Release;
		};
/* End XCBuildConfiguration section */

/* Begin XCConfigurationList section */
		D92885AB2B9668D100C73B6E /* Build configuration list for PBXProject "Mini04_Project" */ = {
			isa = XCConfigurationList;
			buildConfigurations = (
				D92885BD2B9668D200C73B6E /* Debug */,
				D92885BE2B9668D200C73B6E /* Release */,
			);
			defaultConfigurationIsVisible = 0;
			defaultConfigurationName = Release;
		};
		D92885BF2B9668D200C73B6E /* Build configuration list for PBXNativeTarget "Mini04_Project" */ = {
			isa = XCConfigurationList;
			buildConfigurations = (
				D92885C02B9668D200C73B6E /* Debug */,
				D92885C12B9668D200C73B6E /* Release */,
			);
			defaultConfigurationIsVisible = 0;
			defaultConfigurationName = Release;
		};
/* End XCConfigurationList section */
	};
	rootObject = D92885A82B9668D100C73B6E /* Project object */;
}
